
Microsoft Visual Studio Solution File, Format Version 12.00
# Visual Studio Version 17
VisualStudioVersion = 17.7.34018.315
MinimumVisualStudioVersion = 10.0.40219.1
Project("{FAE04EC0-301F-11D3-BF4B-00C04F79EFBC}") = "Inheritance", "Inheritance\Inheritance.csproj", "{A91C2CFC-E11F-449D-98CF-057947478EED}"
EndProject
Global
	GlobalSection(SolutionConfigurationPlatforms) = preSolution
		Debug|Any CPU = Debug|Any CPU
		Release|Any CPU = Release|Any CPU
	EndGlobalSection
	GlobalSection(ProjectConfigurationPlatforms) = postSolution
		{A91C2CFC-E11F-449D-98CF-057947478EED}.Debug|Any CPU.ActiveCfg = Debug|Any CPU
		{A91C2CFC-E11F-449D-98CF-057947478EED}.Debug|Any CPU.Build.0 = Debug|Any CPU
		{A91C2CFC-E11F-449D-98CF-057947478EED}.Release|Any CPU.ActiveCfg = Release|Any CPU
		{A91C2CFC-E11F-449D-98CF-057947478EED}.Release|Any CPU.Build.0 = Release|Any CPU
	EndGlobalSection
	GlobalSection(SolutionProperties) = preSolution
		HideSolutionNode = FALSE
	EndGlobalSection
	GlobalSection(ExtensibilityGlobals) = postSolution
		SolutionGuid = {711E49F2-6D4A-4FE0-8F75-8EDE56DFFD19}
	EndGlobalSection
EndGlobal
